// !$*UTF8*$!
{
	archiveVersion = 1;
	classes = {
	};
	objectVersion = 46;
	objects = {

/* Begin PBXBuildFile section */
		45A8F8631A9286EC009E68BF /* main.cpp in Sources */ = {isa = PBXBuildFile; fileRef = 45A8F8621A9286EC009E68BF /* main.cpp */; };
/* End PBXBuildFile section */

/* Begin PBXCopyFilesBuildPhase section */
		45A8F85D1A9286EC009E68BF /* CopyFiles */ = {
			isa = PBXCopyFilesBuildPhase;
			buildActionMask = 2147483647;
			dstPath = /usr/share/man/man1/;
			dstSubfolderSpec = 0;
			files = (
			);
			runOnlyForDeploymentPostprocessing = 1;
		};
/* End PBXCopyFilesBuildPhase section */

/* Begin PBXFileReference section */
		457B370A1AB5ABEB002E445A /* quicksort.h */ = {isa = PBXFileReference; lastKnownFileType = sourcecode.c.h; path = quicksort.h; sourceTree = "<group>"; };
		45A8F85F1A9286EC009E68BF /* Sorter */ = {isa = PBXFileReference; explicitFileType = "compiled.mach-o.executable"; includeInIndex = 0; path = Sorter; sourceTree = BUILT_PRODUCTS_DIR; };
		45A8F8621A9286EC009E68BF /* main.cpp */ = {isa = PBXFileReference; lastKnownFileType = sourcecode.cpp.cpp; path = main.cpp; sourceTree = "<group>"; };
/* End PBXFileReference section */

/* Begin PBXFrameworksBuildPhase section */
		45A8F85C1A9286EC009E68BF /* Frameworks */ = {
			isa = PBXFrameworksBuildPhase;
			buildActionMask = 2147483647;
			files = (
			);
			runOnlyForDeploymentPostprocessing = 0;
		};
/* End PBXFrameworksBuildPhase section */

/* Begin PBXGroup section */
		45A8F8561A9286EC009E68BF = {
			isa = PBXGroup;
			children = (
				45A8F8611A9286EC009E68BF /* Sorter */,
				45A8F8601A9286EC009E68BF /* Products */,
			);
			sourceTree = "<group>";
		};
		45A8F8601A9286EC009E68BF /* Products */ = {
			isa = PBXGroup;
			children = (
				45A8F85F1A9286EC009E68BF /* Sorter */,
			);
			name = Products;
			sourceTree = "<group>";
		};
		45A8F8611A9286EC009E68BF /* Sorter */ = {
			isa = PBXGroup;
			children = (
				45A8F8621A9286EC009E68BF /* main.cpp */,
				457B370A1AB5ABEB002E445A /* quicksort.h */,
			);
			path = Sorter;
			sourceTree = "<group>";
		};
/* End PBXGroup section */

/* Begin PBXNativeTarget section */
		45A8F85E1A9286EC009E68BF /* Sorter */ = {
			isa = PBXNativeTarget;
			buildConfigurationList = 45A8F8661A9286EC009E68BF /* Build configuration list for PBXNativeTarget "Sorter" */;
			buildPhases = (
				45A8F85B1A9286EC009E68BF /* Sources */,
				45A8F85C1A9286EC009E68BF /* Frameworks */,
				45A8F85D1A9286EC009E68BF /* CopyFiles */,
			);
			buildRules = (
			);
			dependencies = (
			);
			name = Sorter;
			productName = Sorter;
			productReference = 45A8F85F1A9286EC009E68BF /* Sorter */;
			productType = "com.apple.product-type.tool";
		};
/* End PBXNativeTarget section */

/* Begin PBXProject section */
		45A8F8571A9286EC009E68BF /* Project object */ = {
			isa = PBXProject;
			attributes = {
				LastUpgradeCheck = 0610;
				ORGANIZATIONNAME = "Alexey Samorukov";
				TargetAttributes = {
					45A8F85E1A9286EC009E68BF = {
						CreatedOnToolsVersion = 6.1.1;
					};
				};
			};
			buildConfigurationList = 45A8F85A1A9286EC009E68BF /* Build configuration list for PBXProject "Sorter" */;
			compatibilityVersion = "Xcode 3.2";
			developmentRegion = English;
			hasScannedForEncodings = 0;
			knownRegions = (
				en,
			);
			mainGroup = 45A8F8561A9286EC009E68BF;
			productRefGroup = 45A8F8601A9286EC009E68BF /* Products */;
			projectDirPath = "";
			projectRoot = "";
			targets = (
				45A8F85E1A9286EC009E68BF /* Sorter */,
			);
		};
/* End PBXProject section */

/* Begin PBXSourcesBuildPhase section */
		45A8F85B1A9286EC009E68BF /* Sources */ = {
			isa = PBXSourcesBuildPhase;
			buildActionMask = 2147483647;
			files = (
				45A8F8631A9286EC009E68BF /* main.cpp in Sources */,
			);
			runOnlyForDeploymentPostprocessing = 0;
		};
/* End PBXSourcesBuildPhase section */

/* Begin XCBuildConfiguration section */
		45A8F8641A9286EC009E68BF /* Debug */ = {
			isa = XCBuildConfiguration;
			buildSettings = {
				ALWAYS_SEARCH_USER_PATHS = NO;
				CLANG_CXX_LANGUAGE_STANDARD = "gnu++0x";
				CLANG_CXX_LIBRARY = "libc++";
				CLANG_ENABLE_MODULES = YES;
				CLANG_ENABLE_OBJC_ARC = YES;
				CLANG_WARN_BOOL_CONVERSION = YES;
				CLANG_WARN_CONSTANT_CONVERSION = YES;
				CLANG_WARN_DIRECT_OBJC_ISA_USAGE = YES_ERROR;
				CLANG_WARN_EMPTY_BODY = YES;
				CLANG_WARN_ENUM_CONVERSION = YES;
				CLANG_WARN_INT_CONVERSION = YES;
				CLANG_WARN_OBJC_ROOT_CLASS = YES_ERROR;
				CLANG_WARN_UNREACHABLE_CODE = YES;
				CLANG_WARN__DUPLICATE_METHOD_MATCH = YES;
				COPY_PHASE_STRIP = NO;
				ENABLE_STRICT_OBJC_MSGSEND = YES;
				GCC_C_LANGUAGE_STANDARD = gnu99;
				GCC_DYNAMIC_NO_PIC = NO;
				GCC_OPTIMIZATION_LEVEL = 0;
				GCC_PREPROCESSOR_DEFINITIONS = (
					"DEBUG=1",
					"$(inherited)",
				);
				GCC_SYMBOLS_PRIVATE_EXTERN = NO;
				GCC_WARN_64_TO_32_BIT_CONVERSION = YES;
				GCC_WARN_ABOUT_RETURN_TYPE = YES_ERROR;
				GCC_WARN_UNDECLARED_SELECTOR = YES;
				GCC_WARN_UNINITIALIZED_AUTOS = YES_AGGRESSIVE;
				GCC_WARN_UNUSED_FUNCTION = YES;
				GCC_WARN_UNUSED_VARIABLE = YES;
				MACOSX_DEPLOYMENT_TARGET = 10.10;
				MTL_ENABLE_DEBUG_INFO = YES;
				ONLY_ACTIVE_ARCH = YES;
				SDKROOT = macosx;
			};
			name = Debug;
		};
		45A8F8651A9286EC009E68BF /* Release */ = {
			isa = XCBuildConfiguration;
			buildSettings = {
				ALWAYS_SEARCH_USER_PATHS = NO;
				CLANG_CXX_LANGUAGE_STANDARD = "gnu++0x";
				CLANG_CXX_LIBRARY = "libc++";
				CLANG_ENABLE_MODULES = YES;
				CLANG_ENABLE_OBJC_ARC = YES;
				CLANG_WARN_BOOL_CONVERSION = YES;
				CLANG_WARN_CONSTANT_CONVERSION = YES;
				CLANG_WARN_DIRECT_OBJC_ISA_USAGE = YES_ERROR;
				CLANG_WARN_EMPTY_BODY = YES;
				CLANG_WARN_ENUM_CONVERSION = YES;
				CLANG_WARN_INT_CONVERSION = YES;
				CLANG_WARN_OBJC_ROOT_CLASS = YES_ERROR;
				CLANG_WARN_UNREACHABLE_CODE = YES;
				CLANG_WARN__DUPLICATE_METHOD_MATCH = YES;
				COPY_PHASE_STRIP = YES;
				DEBUG_INFORMATION_FORMAT = "dwarf-with-dsym";
				ENABLE_NS_ASSERTIONS = NO;
				ENABLE_STRICT_OBJC_MSGSEND = YES;
				GCC_C_LANGUAGE_STANDARD = gnu99;
				GCC_WARN_64_TO_32_BIT_CONVERSION = YES;
				GCC_WARN_ABOUT_RETURN_TYPE = YES_ERROR;
				GCC_WARN_UNDECLARED_SELECTOR = YES;
				GCC_WARN_UNINITIALIZED_AUTOS = YES_AGGRESSIVE;
				GCC_WARN_UNUSED_FUNCTION = YES;
				GCC_WARN_UNUSED_VARIABLE = YES;
				MACOSX_DEPLOYMENT_TARGET = 10.10;
				MTL_ENABLE_DEBUG_INFO = NO;
				SDKROOT = macosx;
			};
			name = Release;
		};
		45A8F8671A9286EC009E68BF /* Debug */ = {
			isa = XCBuildConfiguration;
			buildSettings = {
				PRODUCT_NAME = "$(TARGET_NAME)";
			};
			name = Debug;
		};
		45A8F8681A9286EC009E68BF /* Release */ = {
			isa = XCBuildConfiguration;
			buildSettings = {
				PRODUCT_NAME = "$(TARGET_NAME)";
			};
			name = Release;
		};
/* End XCBuildConfiguration section */

/* Begin XCConfigurationList section */
		45A8F85A1A9286EC009E68BF /* Build configuration list for PBXProject "Sorter" */ = {
			isa = XCConfigurationList;
			buildConfigurations = (
				45A8F8641A9286EC009E68BF /* Debug */,
				45A8F8651A9286EC009E68BF /* Release */,
			);
			defaultConfigurationIsVisible = 0;
			defaultConfigurationName = Release;
		};
		45A8F8661A9286EC009E68BF /* Build configuration list for PBXNativeTarget "Sorter" */ = {
			isa = XCConfigurationList;
			buildConfigurations = (
				45A8F8671A9286EC009E68BF /* Debug */,
				45A8F8681A9286EC009E68BF /* Release */,
			);
			defaultConfigurationIsVisible = 0;
			defaultConfigurationName = Release;
		};
/* End XCConfigurationList section */
	};
	rootObject = 45A8F8571A9286EC009E68BF /* Project object */;
}
